
Microsoft Visual Studio Solution File, Format Version 12.00
# Visual Studio Version 17
VisualStudioVersion = 17.0.31912.275
MinimumVisualStudioVersion = 10.0.40219.1
Project("{FAE04EC0-301F-11D3-BF4B-00C04F79EFBC}") = "LabFinal_116", "LabFinal_116.csproj", "{E4877DF5-8EF3-4AC9-AF45-F6A2D5BD6343}"
EndProject
Global
	GlobalSection(SolutionConfigurationPlatforms) = preSolution
		Debug|Any CPU = Debug|Any CPU
		Release|Any CPU = Release|Any CPU
	EndGlobalSection
	GlobalSection(ProjectConfigurationPlatforms) = postSolution
		{E4877DF5-8EF3-4AC9-AF45-F6A2D5BD6343}.Debug|Any CPU.ActiveCfg = Debug|Any CPU
		{E4877DF5-8EF3-4AC9-AF45-F6A2D5BD6343}.Debug|Any CPU.Build.0 = Debug|Any CPU
		{E4877DF5-8EF3-4AC9-AF45-F6A2D5BD6343}.Release|Any CPU.ActiveCfg = Release|Any CPU
		{E4877DF5-8EF3-4AC9-AF45-F6A2D5BD6343}.Release|Any CPU.Build.0 = Release|Any CPU
	EndGlobalSection
	GlobalSection(SolutionProperties) = preSolution
		HideSolutionNode = FALSE
	EndGlobalSection
	GlobalSection(ExtensibilityGlobals) = postSolution
		SolutionGuid = {6C5FA465-76CB-44FC-B8C8-BA5B65DE1971}
	EndGlobalSection
EndGlobal
